Microsoft Visual Studio Solution File, Format Version 12.00
# Visual Studio Version 17
VisualStudioVersion = 17.5.2.0
MinimumVisualStudioVersion = 10.0.40219.1
Project("{FAE04EC0-301F-11D3-BF4B-00C04F79EFBC}") = "AzureWebApp", "AzureWebApp.csproj", "{B7F14745-8383-8DEA-8D3B-F2CA53F8E59B}"
EndProject
Global
	GlobalSection(SolutionConfigurationPlatforms) = preSolution
		Debug|Any CPU = Debug|Any CPU
		Release|Any CPU = Release|Any CPU
	EndGlobalSection
	GlobalSection(ProjectConfigurationPlatforms) = postSolution
		{B7F14745-8383-8DEA-8D3B-F2CA53F8E59B}.Debug|Any CPU.ActiveCfg = Debug|Any CPU
		{B7F14745-8383-8DEA-8D3B-F2CA53F8E59B}.Debug|Any CPU.Build.0 = Debug|Any CPU
		{B7F14745-8383-8DEA-8D3B-F2CA53F8E59B}.Release|Any CPU.ActiveCfg = Release|Any CPU
		{B7F14745-8383-8DEA-8D3B-F2CA53F8E59B}.Release|Any CPU.Build.0 = Release|Any CPU
	EndGlobalSection
	GlobalSection(SolutionProperties) = preSolution
		HideSolutionNode = FALSE
	EndGlobalSection
	GlobalSection(ExtensibilityGlobals) = postSolution
		SolutionGuid = {22B358CB-74D5-4591-B9AC-21F7E2A4F14B}
	EndGlobalSection
EndGlobal
